
Microsoft Visual Studio Solution File, Format Version 12.00
# Visual Studio Version 16
VisualStudioVersion = 16.0.31729.503
MinimumVisualStudioVersion = 10.0.40219.1
Project("{FAE04EC0-301F-11D3-BF4B-00C04F79EFBC}") = "WindowsFormsApp1", "WindowsFormsApp1\WindowsFormsApp1.csproj", "{61F32F30-C66F-4CDE-99AA-0C7E3E21C983}"
EndProject
Global
	GlobalSection(SolutionConfigurationPlatforms) = preSolution
		Debug|Any CPU = Debug|Any CPU
		Release|Any CPU = Release|Any CPU
	EndGlobalSection
	GlobalSection(ProjectConfigurationPlatforms) = postSolution
		{61F32F30-C66F-4CDE-99AA-0C7E3E21C983}.Debug|Any CPU.ActiveCfg = Debug|Any CPU
		{61F32F30-C66F-4CDE-99AA-0C7E3E21C983}.Debug|Any CPU.Build.0 = Debug|Any CPU
		{61F32F30-C66F-4CDE-99AA-0C7E3E21C983}.Release|Any CPU.ActiveCfg = Release|Any CPU
		{61F32F30-C66F-4CDE-99AA-0C7E3E21C983}.Release|Any CPU.Build.0 = Release|Any CPU
	EndGlobalSection
	GlobalSection(SolutionProperties) = preSolution
		HideSolutionNode = FALSE
	EndGlobalSection
	GlobalSection(ExtensibilityGlobals) = postSolution
		SolutionGuid = {355986E3-835F-4D5F-8E8E-53214DB49C91}
	EndGlobalSection
EndGlobal
